
Microsoft Visual Studio Solution File, Format Version 12.00
# Visual Studio 2013
VisualStudioVersion = 12.0.31101.0
MinimumVisualStudioVersion = 10.0.40219.1
Project("{FAE04EC0-301F-11D3-BF4B-00C04F79EFBC}") = "KodiSharp", "KodiSharp\KodiSharp.csproj", "{D9C2EBD5-983F-40AA-A7D0-D5EC9EF3911B}"
EndProject
Project("{FAE04EC0-301F-11D3-BF4B-00C04F79EFBC}") = "KodiSharp.WindowsConsole", "KodiSharp.WindowsConsole\KodiSharp.WindowsConsole.csproj", "{A33F859E-9810-4D02-846C-33EEE65F41CB}"
EndProject
Global
	GlobalSection(SolutionConfigurationPlatforms) = preSolution
		Debug|Any CPU = Debug|Any CPU
		Release|Any CPU = Release|Any CPU
	EndGlobalSection
	GlobalSection(ProjectConfigurationPlatforms) = postSolution
		{D9C2EBD5-983F-40AA-A7D0-D5EC9EF3911B}.Debug|Any CPU.ActiveCfg = Debug|Any CPU
		{D9C2EBD5-983F-40AA-A7D0-D5EC9EF3911B}.Debug|Any CPU.Build.0 = Debug|Any CPU
		{D9C2EBD5-983F-40AA-A7D0-D5EC9EF3911B}.Release|Any CPU.ActiveCfg = Release|Any CPU
		{D9C2EBD5-983F-40AA-A7D0-D5EC9EF3911B}.Release|Any CPU.Build.0 = Release|Any CPU
		{A33F859E-9810-4D02-846C-33EEE65F41CB}.Debug|Any CPU.ActiveCfg = Debug|Any CPU
		{A33F859E-9810-4D02-846C-33EEE65F41CB}.Debug|Any CPU.Build.0 = Debug|Any CPU
		{A33F859E-9810-4D02-846C-33EEE65F41CB}.Release|Any CPU.ActiveCfg = Release|Any CPU
		{A33F859E-9810-4D02-846C-33EEE65F41CB}.Release|Any CPU.Build.0 = Release|Any CPU
	EndGlobalSection
	GlobalSection(SolutionProperties) = preSolution
		HideSolutionNode = FALSE
	EndGlobalSection
EndGlobal
